
Microsoft Visual Studio Solution File, Format Version 12.00
# Visual Studio Version 16
VisualStudioVersion = 16.0.32228.343
MinimumVisualStudioVersion = 10.0.40219.1
Project("{9A19103F-16F7-4668-BE54-9A1E7A4F7556}") = "SecApiFinancialStatementDataLoader", "SecApiFinancialStatementDataLoader\SecApiFinancialStatementDataLoader.csproj", "{EDDA4C20-D42D-4E38-987D-FBE76ECECF5E}"
EndProject
Project("{9A19103F-16F7-4668-BE54-9A1E7A4F7556}") = "SecApiFinancialStatementDataLoader.Tests", "SecApiFinancialStatementDataLoader.Tests\SecApiFinancialStatementDataLoader.Tests.csproj", "{CCBCDFF2-022F-4BC1-BA58-EF24E5360BAB}"
EndProject
Global
	GlobalSection(SolutionConfigurationPlatforms) = preSolution
		Debug|Any CPU = Debug|Any CPU
		Release|Any CPU = Release|Any CPU
	EndGlobalSection
	GlobalSection(ProjectConfigurationPlatforms) = postSolution
		{EDDA4C20-D42D-4E38-987D-FBE76ECECF5E}.Debug|Any CPU.ActiveCfg = Debug|Any CPU
		{EDDA4C20-D42D-4E38-987D-FBE76ECECF5E}.Debug|Any CPU.Build.0 = Debug|Any CPU
		{EDDA4C20-D42D-4E38-987D-FBE76ECECF5E}.Release|Any CPU.ActiveCfg = Release|Any CPU
		{EDDA4C20-D42D-4E38-987D-FBE76ECECF5E}.Release|Any CPU.Build.0 = Release|Any CPU
		{CCBCDFF2-022F-4BC1-BA58-EF24E5360BAB}.Debug|Any CPU.ActiveCfg = Debug|Any CPU
		{CCBCDFF2-022F-4BC1-BA58-EF24E5360BAB}.Debug|Any CPU.Build.0 = Debug|Any CPU
		{CCBCDFF2-022F-4BC1-BA58-EF24E5360BAB}.Release|Any CPU.ActiveCfg = Release|Any CPU
		{CCBCDFF2-022F-4BC1-BA58-EF24E5360BAB}.Release|Any CPU.Build.0 = Release|Any CPU
	EndGlobalSection
	GlobalSection(SolutionProperties) = preSolution
		HideSolutionNode = FALSE
	EndGlobalSection
	GlobalSection(ExtensibilityGlobals) = postSolution
		SolutionGuid = {3C7852EE-EC08-460D-B8FB-5F808E23CDB5}
	EndGlobalSection
EndGlobal
