
Microsoft Visual Studio Solution File, Format Version 12.00
# Visual Studio Version 16
VisualStudioVersion = 16.0.32228.343
MinimumVisualStudioVersion = 10.0.40219.1
Project("{9A19103F-16F7-4668-BE54-9A1E7A4F7556}") = "SecApiReportDataLoader", "SecApiReportDataLoader\SecApiReportDataLoader.csproj", "{0A0ADAB5-911D-46B3-A91C-68BA20D8546E}"
EndProject
Project("{9A19103F-16F7-4668-BE54-9A1E7A4F7556}") = "SecApiReportDataLoader.Tests", "SecApiReportDataLoader.Tests\SecApiReportDataLoader.Tests.csproj", "{0D724A52-1182-4476-B565-5B237CFD8FCA}"
EndProject
Global
	GlobalSection(SolutionConfigurationPlatforms) = preSolution
		Debug|Any CPU = Debug|Any CPU
		Release|Any CPU = Release|Any CPU
	EndGlobalSection
	GlobalSection(ProjectConfigurationPlatforms) = postSolution
		{0A0ADAB5-911D-46B3-A91C-68BA20D8546E}.Debug|Any CPU.ActiveCfg = Debug|Any CPU
		{0A0ADAB5-911D-46B3-A91C-68BA20D8546E}.Debug|Any CPU.Build.0 = Debug|Any CPU
		{0A0ADAB5-911D-46B3-A91C-68BA20D8546E}.Release|Any CPU.ActiveCfg = Release|Any CPU
		{0A0ADAB5-911D-46B3-A91C-68BA20D8546E}.Release|Any CPU.Build.0 = Release|Any CPU
		{0D724A52-1182-4476-B565-5B237CFD8FCA}.Debug|Any CPU.ActiveCfg = Debug|Any CPU
		{0D724A52-1182-4476-B565-5B237CFD8FCA}.Debug|Any CPU.Build.0 = Debug|Any CPU
		{0D724A52-1182-4476-B565-5B237CFD8FCA}.Release|Any CPU.ActiveCfg = Release|Any CPU
		{0D724A52-1182-4476-B565-5B237CFD8FCA}.Release|Any CPU.Build.0 = Release|Any CPU
	EndGlobalSection
	GlobalSection(SolutionProperties) = preSolution
		HideSolutionNode = FALSE
	EndGlobalSection
	GlobalSection(ExtensibilityGlobals) = postSolution
		SolutionGuid = {AA8AD8FD-961F-4857-9E1A-853314A6804C}
	EndGlobalSection
EndGlobal
