
Microsoft Visual Studio Solution File, Format Version 12.00
# Visual Studio Version 16
VisualStudioVersion = 16.0.32228.343
MinimumVisualStudioVersion = 10.0.40219.1
Project("{9A19103F-16F7-4668-BE54-9A1E7A4F7556}") = "SecApiFinancialPositionLoader", "SecApiFinancialPositionLoader\SecApiFinancialPositionLoader.csproj", "{F2A40D42-376D-48D3-86DC-2A248B68FC58}"
EndProject
Project("{9A19103F-16F7-4668-BE54-9A1E7A4F7556}") = "SecApiFinancialPositionLoader.Tests", "SecApiFinancialPositionLoader.Tests\SecApiFinancialPositionLoader.Tests.csproj", "{4CB56E11-407A-44DC-BFD1-86913B18F974}"
EndProject
Global
	GlobalSection(SolutionConfigurationPlatforms) = preSolution
		Debug|Any CPU = Debug|Any CPU
		Release|Any CPU = Release|Any CPU
	EndGlobalSection
	GlobalSection(ProjectConfigurationPlatforms) = postSolution
		{F2A40D42-376D-48D3-86DC-2A248B68FC58}.Debug|Any CPU.ActiveCfg = Debug|Any CPU
		{F2A40D42-376D-48D3-86DC-2A248B68FC58}.Debug|Any CPU.Build.0 = Debug|Any CPU
		{F2A40D42-376D-48D3-86DC-2A248B68FC58}.Release|Any CPU.ActiveCfg = Release|Any CPU
		{F2A40D42-376D-48D3-86DC-2A248B68FC58}.Release|Any CPU.Build.0 = Release|Any CPU
		{4CB56E11-407A-44DC-BFD1-86913B18F974}.Debug|Any CPU.ActiveCfg = Debug|Any CPU
		{4CB56E11-407A-44DC-BFD1-86913B18F974}.Debug|Any CPU.Build.0 = Debug|Any CPU
		{4CB56E11-407A-44DC-BFD1-86913B18F974}.Release|Any CPU.ActiveCfg = Release|Any CPU
		{4CB56E11-407A-44DC-BFD1-86913B18F974}.Release|Any CPU.Build.0 = Release|Any CPU
	EndGlobalSection
	GlobalSection(SolutionProperties) = preSolution
		HideSolutionNode = FALSE
	EndGlobalSection
	GlobalSection(ExtensibilityGlobals) = postSolution
		SolutionGuid = {9C7DEF19-F3DE-430D-AA61-5647E4A7EAF8}
	EndGlobalSection
EndGlobal
